
Microsoft Visual Studio Solution File, Format Version 12.00
# Visual Studio Version 16
VisualStudioVersion = 16.0.31729.503
MinimumVisualStudioVersion = 10.0.40219.1
Project("{FAE04EC0-301F-11D3-BF4B-00C04F79EFBC}") = "DesignPluz", "DesignPluz\DesignPluz.csproj", "{ECF72004-70E1-4C39-A6D4-4CB7162B592C}"
EndProject
Global
	GlobalSection(SolutionConfigurationPlatforms) = preSolution
		Debug|Any CPU = Debug|Any CPU
		Release|Any CPU = Release|Any CPU
	EndGlobalSection
	GlobalSection(ProjectConfigurationPlatforms) = postSolution
		{ECF72004-70E1-4C39-A6D4-4CB7162B592C}.Debug|Any CPU.ActiveCfg = Debug|Any CPU
		{ECF72004-70E1-4C39-A6D4-4CB7162B592C}.Debug|Any CPU.Build.0 = Debug|Any CPU
		{ECF72004-70E1-4C39-A6D4-4CB7162B592C}.Release|Any CPU.ActiveCfg = Release|Any CPU
		{ECF72004-70E1-4C39-A6D4-4CB7162B592C}.Release|Any CPU.Build.0 = Release|Any CPU
	EndGlobalSection
	GlobalSection(SolutionProperties) = preSolution
		HideSolutionNode = FALSE
	EndGlobalSection
	GlobalSection(ExtensibilityGlobals) = postSolution
		SolutionGuid = {B618224E-F74B-4284-8F77-E5622A81748A}
	EndGlobalSection
EndGlobal
